
Microsoft Visual Studio Solution File, Format Version 12.00
# Visual Studio 14
VisualStudioVersion = 14.0.25420.1
MinimumVisualStudioVersion = 10.0.40219.1
Project("{FAE04EC0-301F-11D3-BF4B-00C04F79EFBC}") = "Cyrus.WebApi", "Cyrus.WebApi\Cyrus.WebApi.csproj", "{1A3140B4-6495-40CD-AD27-321237076E41}"
EndProject
Project("{FAE04EC0-301F-11D3-BF4B-00C04F79EFBC}") = "Cyrus.Core", "Cyrus.Core\Cyrus.Core.csproj", "{F9EB2D7A-0CB7-4BC7-87FB-75906CF1D18E}"
EndProject
Project("{FAE04EC0-301F-11D3-BF4B-00C04F79EFBC}") = "Cyrus.Services", "Cyrus.Services\Cyrus.Services.csproj", "{E303D769-8BDB-47AC-9DE8-C25506992B0A}"
EndProject
Project("{FAE04EC0-301F-11D3-BF4B-00C04F79EFBC}") = "Cyrus.Bootstrapper", "Cyrus.Bootstrapper\Cyrus.Bootstrapper.csproj", "{920A73ED-0F17-4A64-AE18-F331D06F7541}"
EndProject
Project("{FAE04EC0-301F-11D3-BF4B-00C04F79EFBC}") = "Cyrus.Data", "Cyrus.Data\Cyrus.Data.csproj", "{6A328FAF-49D6-4466-996C-5A81B28C95CA}"
EndProject
Project("{2150E333-8FDC-42A3-9474-1A3956D46DE8}") = "Business", "Business", "{C0C9DFDF-FCE2-4284-AF84-BE4A4B79A1C4}"
EndProject
Project("{2150E333-8FDC-42A3-9474-1A3956D46DE8}") = "Infrastructure", "Infrastructure", "{81CF30D8-6C10-4FDD-B29E-59E845A04AC5}"
EndProject
Project("{2150E333-8FDC-42A3-9474-1A3956D46DE8}") = "Presentation", "Presentation", "{85CF63D8-3E79-415F-81FE-16350D3F78AD}"
EndProject
Project("{2150E333-8FDC-42A3-9474-1A3956D46DE8}") = "Tests", "Tests", "{751771A4-6073-4456-A1FD-F21378CB59B2}"
EndProject
Project("{FAE04EC0-301F-11D3-BF4B-00C04F79EFBC}") = "Cyrus.Tests", "Cyrus.Tests\Cyrus.Tests.csproj", "{DAD3597F-40F8-41AB-929E-09B6F2F8D33F}"
EndProject
Project("{FAE04EC0-301F-11D3-BF4B-00C04F79EFBC}") = "Cyrus.Logging", "Cyrus.Logging\Cyrus.Logging.csproj", "{C2A8DC73-991D-43AA-A93F-F77FB50735E5}"
EndProject
Global
	GlobalSection(SolutionConfigurationPlatforms) = preSolution
		Debug|Any CPU = Debug|Any CPU
		Release|Any CPU = Release|Any CPU
	EndGlobalSection
	GlobalSection(ProjectConfigurationPlatforms) = postSolution
		{1A3140B4-6495-40CD-AD27-321237076E41}.Debug|Any CPU.ActiveCfg = Debug|Any CPU
		{1A3140B4-6495-40CD-AD27-321237076E41}.Debug|Any CPU.Build.0 = Debug|Any CPU
		{1A3140B4-6495-40CD-AD27-321237076E41}.Release|Any CPU.ActiveCfg = Release|Any CPU
		{1A3140B4-6495-40CD-AD27-321237076E41}.Release|Any CPU.Build.0 = Release|Any CPU
		{F9EB2D7A-0CB7-4BC7-87FB-75906CF1D18E}.Debug|Any CPU.ActiveCfg = Debug|Any CPU
		{F9EB2D7A-0CB7-4BC7-87FB-75906CF1D18E}.Debug|Any CPU.Build.0 = Debug|Any CPU
		{F9EB2D7A-0CB7-4BC7-87FB-75906CF1D18E}.Release|Any CPU.ActiveCfg = Release|Any CPU
		{F9EB2D7A-0CB7-4BC7-87FB-75906CF1D18E}.Release|Any CPU.Build.0 = Release|Any CPU
		{E303D769-8BDB-47AC-9DE8-C25506992B0A}.Debug|Any CPU.ActiveCfg = Debug|Any CPU
		{E303D769-8BDB-47AC-9DE8-C25506992B0A}.Debug|Any CPU.Build.0 = Debug|Any CPU
		{E303D769-8BDB-47AC-9DE8-C25506992B0A}.Release|Any CPU.ActiveCfg = Release|Any CPU
		{E303D769-8BDB-47AC-9DE8-C25506992B0A}.Release|Any CPU.Build.0 = Release|Any CPU
		{920A73ED-0F17-4A64-AE18-F331D06F7541}.Debug|Any CPU.ActiveCfg = Debug|Any CPU
		{920A73ED-0F17-4A64-AE18-F331D06F7541}.Debug|Any CPU.Build.0 = Debug|Any CPU
		{920A73ED-0F17-4A64-AE18-F331D06F7541}.Release|Any CPU.ActiveCfg = Release|Any CPU
		{920A73ED-0F17-4A64-AE18-F331D06F7541}.Release|Any CPU.Build.0 = Release|Any CPU
		{6A328FAF-49D6-4466-996C-5A81B28C95CA}.Debug|Any CPU.ActiveCfg = Debug|Any CPU
		{6A328FAF-49D6-4466-996C-5A81B28C95CA}.Debug|Any CPU.Build.0 = Debug|Any CPU
		{6A328FAF-49D6-4466-996C-5A81B28C95CA}.Release|Any CPU.ActiveCfg = Release|Any CPU
		{6A328FAF-49D6-4466-996C-5A81B28C95CA}.Release|Any CPU.Build.0 = Release|Any CPU
		{DAD3597F-40F8-41AB-929E-09B6F2F8D33F}.Debug|Any CPU.ActiveCfg = Debug|Any CPU
		{DAD3597F-40F8-41AB-929E-09B6F2F8D33F}.Debug|Any CPU.Build.0 = Debug|Any CPU
		{DAD3597F-40F8-41AB-929E-09B6F2F8D33F}.Release|Any CPU.ActiveCfg = Release|Any CPU
		{DAD3597F-40F8-41AB-929E-09B6F2F8D33F}.Release|Any CPU.Build.0 = Release|Any CPU
		{C2A8DC73-991D-43AA-A93F-F77FB50735E5}.Debug|Any CPU.ActiveCfg = Debug|Any CPU
		{C2A8DC73-991D-43AA-A93F-F77FB50735E5}.Debug|Any CPU.Build.0 = Debug|Any CPU
		{C2A8DC73-991D-43AA-A93F-F77FB50735E5}.Release|Any CPU.ActiveCfg = Release|Any CPU
		{C2A8DC73-991D-43AA-A93F-F77FB50735E5}.Release|Any CPU.Build.0 = Release|Any CPU
	EndGlobalSection
	GlobalSection(SolutionProperties) = preSolution
		HideSolutionNode = FALSE
	EndGlobalSection
	GlobalSection(NestedProjects) = preSolution
		{1A3140B4-6495-40CD-AD27-321237076E41} = {85CF63D8-3E79-415F-81FE-16350D3F78AD}
		{F9EB2D7A-0CB7-4BC7-87FB-75906CF1D18E} = {C0C9DFDF-FCE2-4284-AF84-BE4A4B79A1C4}
		{E303D769-8BDB-47AC-9DE8-C25506992B0A} = {C0C9DFDF-FCE2-4284-AF84-BE4A4B79A1C4}
		{920A73ED-0F17-4A64-AE18-F331D06F7541} = {81CF30D8-6C10-4FDD-B29E-59E845A04AC5}
		{6A328FAF-49D6-4466-996C-5A81B28C95CA} = {81CF30D8-6C10-4FDD-B29E-59E845A04AC5}
		{DAD3597F-40F8-41AB-929E-09B6F2F8D33F} = {751771A4-6073-4456-A1FD-F21378CB59B2}
		{C2A8DC73-991D-43AA-A93F-F77FB50735E5} = {81CF30D8-6C10-4FDD-B29E-59E845A04AC5}
	EndGlobalSection
EndGlobal
