
Microsoft Visual Studio Solution File, Format Version 12.00
# Visual Studio 2012
Project("{2150E333-8FDC-42A3-9474-1A3956D46DE8}") = "Infrastructure", "Infrastructure", "{EDBA0E0B-B530-4F44-8B25-CAFAA38DC81B}"
EndProject
Project("{FAE04EC0-301F-11D3-BF4B-00C04F79EFBC}") = "WebServices", "WebServices\WebServices.csproj", "{092A29BE-813B-4196-8B74-9A775776F127}"
EndProject
Project("{2150E333-8FDC-42A3-9474-1A3956D46DE8}") = "UI", "UI", "{A35AE9C6-B9AB-42CF-A433-1DD70F6504E5}"
EndProject
Project("{2150E333-8FDC-42A3-9474-1A3956D46DE8}") = "Mobile", "Mobile", "{026037A8-7B2E-4DA8-A08A-0E60D313B93E}"
EndProject
Project("{2150E333-8FDC-42A3-9474-1A3956D46DE8}") = "iOS", "iOS", "{DC329799-D3A5-40EC-ACCB-431D0545DA8E}"
EndProject
Project("{2150E333-8FDC-42A3-9474-1A3956D46DE8}") = "Web", "Web", "{CED17E2F-D770-497C-AFED-062EFD543CE2}"
EndProject
Project("{2150E333-8FDC-42A3-9474-1A3956D46DE8}") = "Tests", "Tests", "{27BA9F27-CC22-485F-AEFD-F417CABE0048}"
EndProject
Project("{FAE04EC0-301F-11D3-BF4B-00C04F79EFBC}") = "Tests.UnitTests", "UnitTests\Tests.UnitTests.csproj", "{F0F77637-11F9-4F5A-887C-BBA6C34033A2}"
EndProject
Project("{FAE04EC0-301F-11D3-BF4B-00C04F79EFBC}") = "Tests.IntegrationTests", "IntegrationTests\Tests.IntegrationTests.csproj", "{69D7659E-D168-4484-9416-E05CBC03464F}"
EndProject
Project("{FAE04EC0-301F-11D3-BF4B-00C04F79EFBC}") = "DependencyResolution", "OutterLayerConcens\DependencyResolution.csproj", "{227DD8B7-5C24-47C7-AD40-FBECE2DB9965}"
EndProject
Project("{2150E333-8FDC-42A3-9474-1A3956D46DE8}") = "Database", "Database", "{97DA2DD7-5566-4A90-895A-52D149C7EDA5}"
EndProject
Project("{2150E333-8FDC-42A3-9474-1A3956D46DE8}") = "Domain", "Domain", "{7A0830FA-BA9F-44F4-908F-D202BD7B4696}"
EndProject
Project("{FAE04EC0-301F-11D3-BF4B-00C04F79EFBC}") = "Domain.Entities", "Domain.Entities\Domain.Entities.csproj", "{987991FD-55BB-41F1-89F9-B103108B8B2C}"
EndProject
Project("{FAE04EC0-301F-11D3-BF4B-00C04F79EFBC}") = "Domain.Interfaces", "Domain.Interfaces\Domain.Interfaces.csproj", "{F09C06D6-6028-4F2C-8527-154CB5B5B029}"
EndProject
Project("{2150E333-8FDC-42A3-9474-1A3956D46DE8}") = "Services", "Services", "{57BB5218-8426-4597-B082-08D87755FD4E}"
EndProject
Project("{FAE04EC0-301F-11D3-BF4B-00C04F79EFBC}") = "Services", "Services\Services.csproj", "{CCA308E0-D062-4943-9357-255DC0AE9584}"
EndProject
Project("{FAE04EC0-301F-11D3-BF4B-00C04F79EFBC}") = "Services.Interfaces", "Services.Interfaces\Services.Interfaces.csproj", "{5689EA55-3328-4F0E-B5F6-769878DFDF64}"
EndProject
Project("{FAE04EC0-301F-11D3-BF4B-00C04F79EFBC}") = "Infrastructure.Data", "Infrastructure.Data\Infrastructure.Data.csproj", "{CD7E74FC-6E3C-42A1-A1B6-D84BF665A8F6}"
EndProject
Global
	GlobalSection(SolutionConfigurationPlatforms) = preSolution
		Debug|Any CPU = Debug|Any CPU
		Release|Any CPU = Release|Any CPU
	EndGlobalSection
	GlobalSection(ProjectConfigurationPlatforms) = postSolution
		{092A29BE-813B-4196-8B74-9A775776F127}.Debug|Any CPU.ActiveCfg = Debug|Any CPU
		{092A29BE-813B-4196-8B74-9A775776F127}.Debug|Any CPU.Build.0 = Debug|Any CPU
		{092A29BE-813B-4196-8B74-9A775776F127}.Release|Any CPU.ActiveCfg = Release|Any CPU
		{092A29BE-813B-4196-8B74-9A775776F127}.Release|Any CPU.Build.0 = Release|Any CPU
		{F0F77637-11F9-4F5A-887C-BBA6C34033A2}.Debug|Any CPU.ActiveCfg = Debug|Any CPU
		{F0F77637-11F9-4F5A-887C-BBA6C34033A2}.Debug|Any CPU.Build.0 = Debug|Any CPU
		{F0F77637-11F9-4F5A-887C-BBA6C34033A2}.Release|Any CPU.ActiveCfg = Release|Any CPU
		{F0F77637-11F9-4F5A-887C-BBA6C34033A2}.Release|Any CPU.Build.0 = Release|Any CPU
		{69D7659E-D168-4484-9416-E05CBC03464F}.Debug|Any CPU.ActiveCfg = Debug|Any CPU
		{69D7659E-D168-4484-9416-E05CBC03464F}.Debug|Any CPU.Build.0 = Debug|Any CPU
		{69D7659E-D168-4484-9416-E05CBC03464F}.Release|Any CPU.ActiveCfg = Release|Any CPU
		{69D7659E-D168-4484-9416-E05CBC03464F}.Release|Any CPU.Build.0 = Release|Any CPU
		{227DD8B7-5C24-47C7-AD40-FBECE2DB9965}.Debug|Any CPU.ActiveCfg = Debug|Any CPU
		{227DD8B7-5C24-47C7-AD40-FBECE2DB9965}.Debug|Any CPU.Build.0 = Debug|Any CPU
		{227DD8B7-5C24-47C7-AD40-FBECE2DB9965}.Release|Any CPU.ActiveCfg = Release|Any CPU
		{227DD8B7-5C24-47C7-AD40-FBECE2DB9965}.Release|Any CPU.Build.0 = Release|Any CPU
		{987991FD-55BB-41F1-89F9-B103108B8B2C}.Debug|Any CPU.ActiveCfg = Debug|Any CPU
		{987991FD-55BB-41F1-89F9-B103108B8B2C}.Debug|Any CPU.Build.0 = Debug|Any CPU
		{987991FD-55BB-41F1-89F9-B103108B8B2C}.Release|Any CPU.ActiveCfg = Release|Any CPU
		{987991FD-55BB-41F1-89F9-B103108B8B2C}.Release|Any CPU.Build.0 = Release|Any CPU
		{F09C06D6-6028-4F2C-8527-154CB5B5B029}.Debug|Any CPU.ActiveCfg = Debug|Any CPU
		{F09C06D6-6028-4F2C-8527-154CB5B5B029}.Debug|Any CPU.Build.0 = Debug|Any CPU
		{F09C06D6-6028-4F2C-8527-154CB5B5B029}.Release|Any CPU.ActiveCfg = Release|Any CPU
		{F09C06D6-6028-4F2C-8527-154CB5B5B029}.Release|Any CPU.Build.0 = Release|Any CPU
		{CCA308E0-D062-4943-9357-255DC0AE9584}.Debug|Any CPU.ActiveCfg = Debug|Any CPU
		{CCA308E0-D062-4943-9357-255DC0AE9584}.Debug|Any CPU.Build.0 = Debug|Any CPU
		{CCA308E0-D062-4943-9357-255DC0AE9584}.Release|Any CPU.ActiveCfg = Release|Any CPU
		{CCA308E0-D062-4943-9357-255DC0AE9584}.Release|Any CPU.Build.0 = Release|Any CPU
		{5689EA55-3328-4F0E-B5F6-769878DFDF64}.Debug|Any CPU.ActiveCfg = Debug|Any CPU
		{5689EA55-3328-4F0E-B5F6-769878DFDF64}.Debug|Any CPU.Build.0 = Debug|Any CPU
		{5689EA55-3328-4F0E-B5F6-769878DFDF64}.Release|Any CPU.ActiveCfg = Release|Any CPU
		{5689EA55-3328-4F0E-B5F6-769878DFDF64}.Release|Any CPU.Build.0 = Release|Any CPU
		{CD7E74FC-6E3C-42A1-A1B6-D84BF665A8F6}.Debug|Any CPU.ActiveCfg = Debug|Any CPU
		{CD7E74FC-6E3C-42A1-A1B6-D84BF665A8F6}.Debug|Any CPU.Build.0 = Debug|Any CPU
		{CD7E74FC-6E3C-42A1-A1B6-D84BF665A8F6}.Release|Any CPU.ActiveCfg = Release|Any CPU
		{CD7E74FC-6E3C-42A1-A1B6-D84BF665A8F6}.Release|Any CPU.Build.0 = Release|Any CPU
	EndGlobalSection
	GlobalSection(SolutionProperties) = preSolution
		HideSolutionNode = FALSE
	EndGlobalSection
	GlobalSection(NestedProjects) = preSolution
		{092A29BE-813B-4196-8B74-9A775776F127} = {EDBA0E0B-B530-4F44-8B25-CAFAA38DC81B}
		{CD7E74FC-6E3C-42A1-A1B6-D84BF665A8F6} = {EDBA0E0B-B530-4F44-8B25-CAFAA38DC81B}
		{026037A8-7B2E-4DA8-A08A-0E60D313B93E} = {A35AE9C6-B9AB-42CF-A433-1DD70F6504E5}
		{CED17E2F-D770-497C-AFED-062EFD543CE2} = {A35AE9C6-B9AB-42CF-A433-1DD70F6504E5}
		{DC329799-D3A5-40EC-ACCB-431D0545DA8E} = {026037A8-7B2E-4DA8-A08A-0E60D313B93E}
		{F0F77637-11F9-4F5A-887C-BBA6C34033A2} = {27BA9F27-CC22-485F-AEFD-F417CABE0048}
		{69D7659E-D168-4484-9416-E05CBC03464F} = {27BA9F27-CC22-485F-AEFD-F417CABE0048}
		{987991FD-55BB-41F1-89F9-B103108B8B2C} = {7A0830FA-BA9F-44F4-908F-D202BD7B4696}
		{F09C06D6-6028-4F2C-8527-154CB5B5B029} = {7A0830FA-BA9F-44F4-908F-D202BD7B4696}
		{CCA308E0-D062-4943-9357-255DC0AE9584} = {57BB5218-8426-4597-B082-08D87755FD4E}
		{5689EA55-3328-4F0E-B5F6-769878DFDF64} = {57BB5218-8426-4597-B082-08D87755FD4E}
	EndGlobalSection
EndGlobal
